github.com/creack/pty v1.1.21 h1:1/QdRyBaHHJP61QkWMXlOIBfsgdDeeKfK8SYVUWJKf0=
github.com/creack/pty v1.1.21/go.mod h1:MOBLtS5ELjhRRrroQr9kyvTxUAFNvYEK993ew/Vr4O4=
github.com/stevelacy/go-urbit v0.0.0-20221028001655-e606f41f727c h1:mZBPDd5LrZNpkQNS1cmG+9bNW0gxiJW71YXGYbhLNyM=
github.com/stevelacy/go-urbit v0.0.0-20221028001655-e606f41f727c/go.mod h1:O6OUfzgbs0VoIqb+9Mi7icOMAT10Ov2duqWKOn2A5fE=
github.com/twmb/murmur3 v1.1.5 h1:i9OLS9fkuLzBXjt6dptlAEyk58fJsSTXbRg3SgVyqgk=
github.com/twmb/murmur3 v1.1.5/go.mod h1:Qq/R7NUyOfr65zD+6Q5IHKsJLwP7exErjN6lyyq3OSQ=
